[ "ex_doc": {:git, "git://github.com/elixir-lang/ex_doc.git", "a5ff9956feeea113509125e5b29623c1fa7e3be4", []},
  "meck": {:git, "git://github.com/basho/meck.git", "2b25a30a8688f94106d07f23a9f1fb523ac00f08", [{:tag, "0.8.1"}]},
  "poolboy": {:git, "git://github.com/devinus/poolboy.git", "91b68de43d49bcccf2631016febda70b20d7aa75", [{:tag, "1.0.0"}]},
  "protobuffs": {:git, "git://github.com/basho/erlang_protobuffs.git", "37f9b1c50abd867302b9ff5c3ca59ea157cdf3e5", [{:tag, "0.8.1p3"}]},
  "riak_pb": {:git, "git://github.com/basho/riak_pb", "318f043c98657c951661de751bfc0bdf7e53524d", [{:tag, "2.0.0.10"}]},
  "riakc": {:git, "git://github.com/basho/riak-erlang-client.git", "d1447920d0ec43367cf76f436aadd826fb0960fa", []} ]
